
Microsoft Visual Studio Solution File, Format Version 12.00
# Visual Studio Version 17
VisualStudioVersion = 17.7.34202.233
MinimumVisualStudioVersion = 10.0.40219.1
Project("{FAE04EC0-301F-11D3-BF4B-00C04F79EFBC}") = "PrimeiroProjeto", "PrimeiroProjeto\PrimeiroProjeto.csproj", "{DAC787A4-1778-4D24-9B23-258EC2DFC3BD}"
EndProject
Global
	GlobalSection(SolutionConfigurationPlatforms) = preSolution
		Debug|Any CPU = Debug|Any CPU
		Release|Any CPU = Release|Any CPU
	EndGlobalSection
	GlobalSection(ProjectConfigurationPlatforms) = postSolution
		{DAC787A4-1778-4D24-9B23-258EC2DFC3BD}.Debug|Any CPU.ActiveCfg = Debug|Any CPU
		{DAC787A4-1778-4D24-9B23-258EC2DFC3BD}.Debug|Any CPU.Build.0 = Debug|Any CPU
		{DAC787A4-1778-4D24-9B23-258EC2DFC3BD}.Release|Any CPU.ActiveCfg = Release|Any CPU
		{DAC787A4-1778-4D24-9B23-258EC2DFC3BD}.Release|Any CPU.Build.0 = Release|Any CPU
	EndGlobalSection
	GlobalSection(SolutionProperties) = preSolution
		HideSolutionNode = FALSE
	EndGlobalSection
	GlobalSection(ExtensibilityGlobals) = postSolution
		SolutionGuid = {92A33181-ACB5-4AA9-8676-D98715D12557}
	EndGlobalSection
EndGlobal
